// !$*UTF8*$!
{
	archiveVersion = 1;
	classes = {
	};
	objectVersion = 55;
	objects = {

/* Begin PBXBuildFile section */
		6CB02A0A88D7D84AA2011276 /* Pods_DiamonApp.framework in Frameworks */ = {isa = PBXBuildFile; fileRef = BA703C9D457CD77E4E40367F /* Pods_DiamonApp.framework */; };
		D5DF1D26272ACDF5002F1FC4 /* AppDelegate.swift in Sources */ = {isa = PBXBuildFile; fileRef = D5DF1D25272ACDF5002F1FC4 /* AppDelegate.swift */; };
		D5DF1D28272ACDF5002F1FC4 /* SceneDelegate.swift in Sources */ = {isa = PBXBuildFile; fileRef = D5DF1D27272ACDF5002F1FC4 /* SceneDelegate.swift */; };
		D5DF1D2A272ACDF5002F1FC4 /* ViewController.swift in Sources */ = {isa = PBXBuildFile; fileRef = D5DF1D29272ACDF5002F1FC4 /* ViewController.swift */; };
		D5DF1D2D272ACDF5002F1FC4 /* Main.storyboard in Resources */ = {isa = PBXBuildFile; fileRef = D5DF1D2B272ACDF5002F1FC4 /* Main.storyboard */; };
		D5DF1D2F272ACDFE002F1FC4 /* Assets.xcassets in Resources */ = {isa = PBXBuildFile; fileRef = D5DF1D2E272ACDFE002F1FC4 /* Assets.xcassets */; };
		D5DF1D32272ACDFE002F1FC4 /* LaunchScreen.storyboard in Resources */ = {isa = PBXBuildFile; fileRef = D5DF1D30272ACDFE002F1FC4 /* LaunchScreen.storyboard */; };
/* End PBXBuildFile section */

/* Begin PBXFileReference section */
		43090DD7EB5667463641077E /* Pods-DiamonApp.release.xcconfig */ = {isa = PBXFileReference; includeInIndex = 1; lastKnownFileType = text.xcconfig; name = "Pods-DiamonApp.release.xcconfig"; path = "Target Support Files/Pods-DiamonApp/Pods-DiamonApp.release.xcconfig"; sourceTree = "<group>"; };
		BA703C9D457CD77E4E40367F /* Pods_DiamonApp.framework */ = {isa = PBXFileReference; explicitFileType = wrapper.framework; includeInIndex = 0; path = Pods_DiamonApp.framework; sourceTree = BUILT_PRODUCTS_DIR; };
		D5DF1D22272ACDF5002F1FC4 /* DiamonApp.app */ = {isa = PBXFileReference; explicitFileType = wrapper.application; includeInIndex = 0; path = DiamonApp.app; sourceTree = BUILT_PRODUCTS_DIR; };
		D5DF1D25272ACDF5002F1FC4 /* AppDelegate.swift */ = {isa = PBXFileReference; lastKnownFileType = sourcecode.swift; path = AppDelegate.swift; sourceTree = "<group>"; };
		D5DF1D27272ACDF5002F1FC4 /* SceneDelegate.swift */ = {isa = PBXFileReference; lastKnownFileType = sourcecode.swift; path = SceneDelegate.swift; sourceTree = "<group>"; };
		D5DF1D29272ACDF5002F1FC4 /* ViewController.swift */ = {isa = PBXFileReference; lastKnownFileType = sourcecode.swift; path = ViewController.swift; sourceTree = "<group>"; };
		D5DF1D2C272ACDF5002F1FC4 /* Base */ = {isa = PBXFileReference; lastKnownFileType = file.storyboard; name = Base; path = Base.lproj/Main.storyboard; sourceTree = "<group>"; };
		D5DF1D2E272ACDFE002F1FC4 /* Assets.xcassets */ = {isa = PBXFileReference; lastKnownFileType = folder.assetcatalog; path = Assets.xcassets; sourceTree = "<group>"; };
		D5DF1D31272ACDFE002F1FC4 /* Base */ = {isa = PBXFileReference; lastKnownFileType = file.storyboard; name = Base; path = Base.lproj/LaunchScreen.storyboard; sourceTree = "<group>"; };
		D5DF1D33272ACDFE002F1FC4 /* Info.plist */ = {isa = PBXFileReference; lastKnownFileType = text.plist.xml; path = Info.plist; sourceTree = "<group>"; };
		FDC04D6F6085294469D6B06D /* Pods-DiamonApp.debug.xcconfig */ = {isa = PBXFileReference; includeInIndex = 1; lastKnownFileType = text.xcconfig; name = "Pods-DiamonApp.debug.xcconfig"; path = "Target Support Files/Pods-DiamonApp/Pods-DiamonApp.debug.xcconfig"; sourceTree = "<group>"; };
/* End PBXFileReference section */

/* Begin PBXFrameworksBuildPhase section */
		D5DF1D1F272ACDF5002F1FC4 /* Frameworks */ = {
			isa = PBXFrameworksBuildPhase;
			buildActionMask = 2147483647;
			files = (
				6CB02A0A88D7D84AA2011276 /* Pods_DiamonApp.framework in Frameworks */,
			);
			runOnlyForDeploymentPostprocessing = 0;
		};
/* End PBXFrameworksBuildPhase section */

/* Begin PBXGroup section */
		43202E0D410E4AB83E8559F5 /* Pods */ = {
			isa = PBXGroup;
			children = (
				FDC04D6F6085294469D6B06D /* Pods-DiamonApp.debug.xcconfig */,
				43090DD7EB5667463641077E /* Pods-DiamonApp.release.xcconfig */,
			);
			name = Pods;
			path = Pods;
			sourceTree = "<group>";
		};
		B30E1F4FC5DF020F2271AB2F /* Frameworks */ = {
			isa = PBXGroup;
			children = (
				BA703C9D457CD77E4E40367F /* Pods_DiamonApp.framework */,
			);
			name = Frameworks;
			sourceTree = "<group>";
		};
		D5DF1D19272ACDF5002F1FC4 = {
			isa = PBXGroup;
			children = (
				D5DF1D24272ACDF5002F1FC4 /* DiamonApp */,
				D5DF1D23272ACDF5002F1FC4 /* Products */,
				43202E0D410E4AB83E8559F5 /* Pods */,
				B30E1F4FC5DF020F2271AB2F /* Frameworks */,
			);
			sourceTree = "<group>";
		};
		D5DF1D23272ACDF5002F1FC4 /* Products */ = {
			isa = PBXGroup;
			children = (
				D5DF1D22272ACDF5002F1FC4 /* DiamonApp.app */,
			);
			name = Products;
			sourceTree = "<group>";
		};
		D5DF1D24272ACDF5002F1FC4 /* DiamonApp */ = {
			isa = PBXGroup;
			children = (
				D5DF1D25272ACDF5002F1FC4 /* AppDelegate.swift */,
				D5DF1D27272ACDF5002F1FC4 /* SceneDelegate.swift */,
				D5DF1D29272ACDF5002F1FC4 /* ViewController.swift */,
				D5DF1D2B272ACDF5002F1FC4 /* Main.storyboard */,
				D5DF1D2E272ACDFE002F1FC4 /* Assets.xcassets */,
				D5DF1D30272ACDFE002F1FC4 /* LaunchScreen.storyboard */,
				D5DF1D33272ACDFE002F1FC4 /* Info.plist */,
			);
			path = DiamonApp;
			sourceTree = "<group>";
		};
/* End PBXGroup section */

/* Begin PBXNativeTarget section */
		D5DF1D21272ACDF5002F1FC4 /* DiamonApp */ = {
			isa = PBXNativeTarget;
			buildConfigurationList = D5DF1D36272ACDFE002F1FC4 /* Build configuration list for PBXNativeTarget "DiamonApp" */;
			buildPhases = (
				826861F4246E1809F9C6B982 /* [CP] Check Pods Manifest.lock */,
				D5DF1D1E272ACDF5002F1FC4 /* Sources */,
				D5DF1D1F272ACDF5002F1FC4 /* Frameworks */,
				D5DF1D20272ACDF5002F1FC4 /* Resources */,
				7EB497DC25D01130647797FD /* [CP] Embed Pods Frameworks */,
			);
			buildRules = (
			);
			dependencies = (
			);
			name = DiamonApp;
			productName = DiamonApp;
			productReference = D5DF1D22272ACDF5002F1FC4 /* DiamonApp.app */;
			productType = "com.apple.product-type.application";
		};
/* End PBXNativeTarget section */

/* Begin PBXProject section */
		D5DF1D1A272ACDF5002F1FC4 /* Project object */ = {
			isa = PBXProject;
			attributes = {
				BuildIndependentTargetsInParallel = 1;
				LastSwiftUpdateCheck = 1310;
				LastUpgradeCheck = 1310;
				TargetAttributes = {
					D5DF1D21272ACDF5002F1FC4 = {
						CreatedOnToolsVersion = 13.1;
					};
				};
			};
			buildConfigurationList = D5DF1D1D272ACDF5002F1FC4 /* Build configuration list for PBXProject "DiamonApp" */;
			compatibilityVersion = "Xcode 13.0";
			developmentRegion = en;
			hasScannedForEncodings = 0;
			knownRegions = (
				en,
				Base,
			);
			mainGroup = D5DF1D19272ACDF5002F1FC4;
			productRefGroup = D5DF1D23272ACDF5002F1FC4 /* Products */;
			projectDirPath = "";
			projectRoot = "";
			targets = (
				D5DF1D21272ACDF5002F1FC4 /* DiamonApp */,
			);
		};
/* End PBXProject section */

/* Begin PBXResourcesBuildPhase section */
		D5DF1D20272ACDF5002F1FC4 /* Resources */ = {
			isa = PBXResourcesBuildPhase;
			buildActionMask = 2147483647;
			files = (
				D5DF1D32272ACDFE002F1FC4 /* LaunchScreen.storyboard in Resources */,
				D5DF1D2F272ACDFE002F1FC4 /* Assets.xcassets in Resources */,
				D5DF1D2D272ACDF5002F1FC4 /* Main.storyboard in Resources */,
			);
			runOnlyForDeploymentPostprocessing = 0;
		};
/* End PBXResourcesBuildPhase section */

/* Begin PBXShellScriptBuildPhase section */
		7EB497DC25D01130647797FD /* [CP] Embed Pods Frameworks */ = {
			isa = PBXShellScriptBuildPhase;
			buildActionMask = 2147483647;
			files = (
			);
			inputFileListPaths = (
				"${PODS_ROOT}/Target Support Files/Pods-DiamonApp/Pods-DiamonApp-frameworks-${CONFIGURATION}-input-files.xcfilelist",
			);
			name = "[CP] Embed Pods Frameworks";
			outputFileListPaths = (
				"${PODS_ROOT}/Target Support Files/Pods-DiamonApp/Pods-DiamonApp-frameworks-${CONFIGURATION}-output-files.xcfilelist",
			);
			runOnlyForDeploymentPostprocessing = 0;
			shellPath = /bin/sh;
			shellScript = "\"${PODS_ROOT}/Target Support Files/Pods-DiamonApp/Pods-DiamonApp-frameworks.sh\"\n";
			showEnvVarsInLog = 0;
		};
		826861F4246E1809F9C6B982 /* [CP] Check Pods Manifest.lock */ = {
			isa = PBXShellScriptBuildPhase;
			buildActionMask = 2147483647;
			files = (
			);
			inputFileListPaths = (
			);
			inputPaths = (
				"${PODS_PODFILE_DIR_PATH}/Podfile.lock",
				"${PODS_ROOT}/Manifest.lock",
			);
			name = "[CP] Check Pods Manifest.lock";
			outputFileListPaths = (
			);
			outputPaths = (
				"$(DERIVED_FILE_DIR)/Pods-DiamonApp-checkManifestLockResult.txt",
			);
			runOnlyForDeploymentPostprocessing = 0;
			shellPath = /bin/sh;
			shellScript = "diff \"${PODS_PODFILE_DIR_PATH}/Podfile.lock\" \"${PODS_ROOT}/Manifest.lock\" > /dev/null\nif [ $? != 0 ] ; then\n    # print error to STDERR\n    echo \"error: The sandbox is not in sync with the Podfile.lock. Run 'pod install' or update your CocoaPods installation.\" >&2\n    exit 1\nfi\n# This output is used by Xcode 'outputs' to avoid re-running this script phase.\necho \"SUCCESS\" > \"${SCRIPT_OUTPUT_FILE_0}\"\n";
			showEnvVarsInLog = 0;
		};
/* End PBXShellScriptBuildPhase section */

/* Begin PBXSourcesBuildPhase section */
		D5DF1D1E272ACDF5002F1FC4 /* Sources */ = {
			isa = PBXSourcesBuildPhase;
			buildActionMask = 2147483647;
			files = (
				D5DF1D2A272ACDF5002F1FC4 /* ViewController.swift in Sources */,
				D5DF1D26272ACDF5002F1FC4 /* AppDelegate.swift in Sources */,
				D5DF1D28272ACDF5002F1FC4 /* SceneDelegate.swift in Sources */,
			);
			runOnlyForDeploymentPostprocessing = 0;
		};
/* End PBXSourcesBuildPhase section */

/* Begin PBXVariantGroup section */
		D5DF1D2B272ACDF5002F1FC4 /* Main.storyboard */ = {
			isa = PBXVariantGroup;
			children = (
				D5DF1D2C272ACDF5002F1FC4 /* Base */,
			);
			name = Main.storyboard;
			sourceTree = "<group>";
		};
		D5DF1D30272ACDFE002F1FC4 /* LaunchScreen.storyboard */ = {
			isa = PBXVariantGroup;
			children = (
				D5DF1D31272ACDFE002F1FC4 /* Base */,
			);
			name = LaunchScreen.storyboard;
			sourceTree = "<group>";
		};
/* End PBXVariantGroup section */

/* Begin XCBuildConfiguration section */
		D5DF1D34272ACDFE002F1FC4 /* Debug */ = {
			isa = XCBuildConfiguration;
			buildSettings = {
				ALWAYS_SEARCH_USER_PATHS = NO;
				CLANG_ANALYZER_NONNULL = YES;
				CLANG_ANALYZER_NUMBER_OBJECT_CONVERSION = YES_AGGRESSIVE;
				CLANG_CXX_LANGUAGE_STANDARD = "gnu++17";
				CLANG_CXX_LIBRARY = "libc++";
				CLANG_ENABLE_MODULES = YES;
				CLANG_ENABLE_OBJC_ARC = YES;
				CLANG_ENABLE_OBJC_WEAK = YES;
				CLANG_WARN_BLOCK_CAPTURE_AUTORELEASING = YES;
				CLANG_WARN_BOOL_CONVERSION = YES;
				CLANG_WARN_COMMA = YES;
				CLANG_WARN_CONSTANT_CONVERSION = YES;
				CLANG_WARN_DEPRECATED_OBJC_IMPLEMENTATIONS = YES;
				CLANG_WARN_DIRECT_OBJC_ISA_USAGE = YES_ERROR;
				CLANG_WARN_DOCUMENTATION_COMMENTS = YES;
				CLANG_WARN_EMPTY_BODY = YES;
				CLANG_WARN_ENUM_CONVERSION = YES;
				CLANG_WARN_INFINITE_RECURSION = YES;
				CLANG_WARN_INT_CONVERSION = YES;
				CLANG_WARN_NON_LITERAL_NULL_CONVERSION = YES;
				CLANG_WARN_OBJC_IMPLICIT_RETAIN_SELF = YES;
				CLANG_WARN_OBJC_LITERAL_CONVERSION = YES;
				CLANG_WARN_OBJC_ROOT_CLASS = YES_ERROR;
				CLANG_WARN_QUOTED_INCLUDE_IN_FRAMEWORK_HEADER = YES;
				CLANG_WARN_RANGE_LOOP_ANALYSIS = YES;
				CLANG_WARN_STRICT_PROTOTYPES = YES;
				CLANG_WARN_SUSPICIOUS_MOVE = YES;
				CLANG_WARN_UNGUARDED_AVAILABILITY = YES_AGGRESSIVE;
				CLANG_WARN_UNREACHABLE_CODE = YES;
				CLANG_WARN__DUPLICATE_METHOD_MATCH = YES;
				COPY_PHASE_STRIP = NO;
				DEBUG_INFORMATION_FORMAT = dwarf;
				ENABLE_STRICT_OBJC_MSGSEND = YES;
				ENABLE_TESTABILITY = YES;
				GCC_C_LANGUAGE_STANDARD = gnu11;
				GCC_DYNAMIC_NO_PIC = NO;
				GCC_NO_COMMON_BLOCKS = YES;
				GCC_OPTIMIZATION_LEVEL = 0;
				GCC_PREPROCESSOR_DEFINITIONS = (
					"DEBUG=1",
					"$(inherited)",
				);
				GCC_WARN_64_TO_32_BIT_CONVERSION = YES;
				GCC_WARN_ABOUT_RETURN_TYPE = YES_ERROR;
				GCC_WARN_UNDECLARED_SELECTOR = YES;
				GCC_WARN_UNINITIALIZED_AUTOS = YES_AGGRESSIVE;
				GCC_WARN_UNUSED_FUNCTION = YES;
				GCC_WARN_UNUSED_VARIABLE = YES;
				IPHONEOS_DEPLOYMENT_TARGET = 15.0;
				MTL_ENABLE_DEBUG_INFO = INCLUDE_SOURCE;
				MTL_FAST_MATH = YES;
				ONLY_ACTIVE_ARCH = YES;
				SDKROOT = iphoneos;
				SWIFT_ACTIVE_COMPILATION_CONDITIONS = DEBUG;
				SWIFT_OPTIMIZATION_LEVEL = "-Onone";
			};
			name = Debug;
		};
		D5DF1D35272ACDFE002F1FC4 /* Release */ = {
			isa = XCBuildConfiguration;
			buildSettings = {
				ALWAYS_SEARCH_USER_PATHS = NO;
				CLANG_ANALYZER_NONNULL = YES;
				CLANG_ANALYZER_NUMBER_OBJECT_CONVERSION = YES_AGGRESSIVE;
				CLANG_CXX_LANGUAGE_STANDARD = "gnu++17";
				CLANG_CXX_LIBRARY = "libc++";
				CLANG_ENABLE_MODULES = YES;
				CLANG_ENABLE_OBJC_ARC = YES;
				CLANG_ENABLE_OBJC_WEAK = YES;
				CLANG_WARN_BLOCK_CAPTURE_AUTORELEASING = YES;
				CLANG_WARN_BOOL_CONVERSION = YES;
				CLANG_WARN_COMMA = YES;
				CLANG_WARN_CONSTANT_CONVERSION = YES;
				CLANG_WARN_DEPRECATED_OBJC_IMPLEMENTATIONS = YES;
				CLANG_WARN_DIRECT_OBJC_ISA_USAGE = YES_ERROR;
				CLANG_WARN_DOCUMENTATION_COMMENTS = YES;
				CLANG_WARN_EMPTY_BODY = YES;
				CLANG_WARN_ENUM_CONVERSION = YES;
				CLANG_WARN_INFINITE_RECURSION = YES;
				CLANG_WARN_INT_CONVERSION = YES;
				CLANG_WARN_NON_LITERAL_NULL_CONVERSION = YES;
				CLANG_WARN_OBJC_IMPLICIT_RETAIN_SELF = YES;
				CLANG_WARN_OBJC_LITERAL_CONVERSION = YES;
				CLANG_WARN_OBJC_ROOT_CLASS = YES_ERROR;
				CLANG_WARN_QUOTED_INCLUDE_IN_FRAMEWORK_HEADER = YES;
				CLANG_WARN_RANGE_LOOP_ANALYSIS = YES;
				CLANG_WARN_STRICT_PROTOTYPES = YES;
				CLANG_WARN_SUSPICIOUS_MOVE = YES;
				CLANG_WARN_UNGUARDED_AVAILABILITY = YES_AGGRESSIVE;
				CLANG_WARN_UNREACHABLE_CODE = YES;
				CLANG_WARN__DUPLICATE_METHOD_MATCH = YES;
				COPY_PHASE_STRIP = NO;
				DEBUG_INFORMATION_FORMAT = "dwarf-with-dsym";
				ENABLE_NS_ASSERTIONS = NO;
				ENABLE_STRICT_OBJC_MSGSEND = YES;
				GCC_C_LANGUAGE_STANDARD = gnu11;
				GCC_NO_COMMON_BLOCKS = YES;
				GCC_WARN_64_TO_32_BIT_CONVERSION = YES;
				GCC_WARN_ABOUT_RETURN_TYPE = YES_ERROR;
				GCC_WARN_UNDECLARED_SELECTOR = YES;
				GCC_WARN_UNINITIALIZED_AUTOS = YES_AGGRESSIVE;
				GCC_WARN_UNUSED_FUNCTION = YES;
				GCC_WARN_UNUSED_VARIABLE = YES;
				IPHONEOS_DEPLOYMENT_TARGET = 15.0;
				MTL_ENABLE_DEBUG_INFO = NO;
				MTL_FAST_MATH = YES;
				SDKROOT = iphoneos;
				SWIFT_COMPILATION_MODE = wholemodule;
				SWIFT_OPTIMIZATION_LEVEL = "-O";
				VALIDATE_PRODUCT = YES;
			};
			name = Release;
		};
		D5DF1D37272ACDFE002F1FC4 /* Debug */ = {
			isa = XCBuildConfiguration;
			baseConfigurationReference = FDC04D6F6085294469D6B06D /* Pods-DiamonApp.debug.xcconfig */;
			buildSettings = {
				ASSETCATALOG_COMPILER_APPICON_NAME = AppIcon;
				ASSETCATALOG_COMPILER_GLOBAL_ACCENT_COLOR_NAME = AccentColor;
				CODE_SIGN_STYLE = Automatic;
				CURRENT_PROJECT_VERSION = 1;
				GENERATE_INFOPLIST_FILE = YES;
				INFOPLIST_FILE = DiamonApp/Info.plist;
				INFOPLIST_KEY_UIApplicationSupportsIndirectInputEvents = YES;
				INFOPLIST_KEY_UILaunchStoryboardName = LaunchScreen;
				INFOPLIST_KEY_UIMainStoryboardFile = Main;
				INFOPLIST_KEY_UISupportedInterfaceOrientations_iPad = "UIInterfaceOrientationPortrait UIInterfaceOrientationPortraitUpsideDown UIInterfaceOrientationLandscapeLeft UIInterfaceOrientationLandscapeRight";
				INFOPLIST_KEY_UISupportedInterfaceOrientations_iPhone = "UIInterfaceOrientationPortrait UIInterfaceOrientationLandscapeLeft UIInterfaceOrientationLandscapeRight";
				LD_RUNPATH_SEARCH_PATHS = (
					"$(inherited)",
					"@executable_path/Frameworks",
				);
				MARKETING_VERSION = 1.0;
				PRODUCT_BUNDLE_IDENTIFIER = DiamonApp.DiamonApp;
				PRODUCT_NAME = "$(TARGET_NAME)";
				SWIFT_EMIT_LOC_STRINGS = YES;
				SWIFT_VERSION = 4.0;
				TARGETED_DEVICE_FAMILY = "1,2";
			};
			name = Debug;
		};
		D5DF1D38272ACDFE002F1FC4 /* Release */ = {
			isa = XCBuildConfiguration;
			baseConfigurationReference = 43090DD7EB5667463641077E /* Pods-DiamonApp.release.xcconfig */;
			buildSettings = {
				ASSETCATALOG_COMPILER_APPICON_NAME = AppIcon;
				ASSETCATALOG_COMPILER_GLOBAL_ACCENT_COLOR_NAME = AccentColor;
				CODE_SIGN_STYLE = Automatic;
				CURRENT_PROJECT_VERSION = 1;
				GENERATE_INFOPLIST_FILE = YES;
				INFOPLIST_FILE = DiamonApp/Info.plist;
				INFOPLIST_KEY_UIApplicationSupportsIndirectInputEvents = YES;
				INFOPLIST_KEY_UILaunchStoryboardName = LaunchScreen;
				INFOPLIST_KEY_UIMainStoryboardFile = Main;
				INFOPLIST_KEY_UISupportedInterfaceOrientations_iPad = "UIInterfaceOrientationPortrait UIInterfaceOrientationPortraitUpsideDown UIInterfaceOrientationLandscapeLeft UIInterfaceOrientationLandscapeRight";
				INFOPLIST_KEY_UISupportedInterfaceOrientations_iPhone = "UIInterfaceOrientationPortrait UIInterfaceOrientationLandscapeLeft UIInterfaceOrientationLandscapeRight";
				LD_RUNPATH_SEARCH_PATHS = (
					"$(inherited)",
					"@executable_path/Frameworks",
				);
				MARKETING_VERSION = 1.0;
				PRODUCT_BUNDLE_IDENTIFIER = DiamonApp.DiamonApp;
				PRODUCT_NAME = "$(TARGET_NAME)";
				SWIFT_EMIT_LOC_STRINGS = YES;
				SWIFT_VERSION = 4.0;
				TARGETED_DEVICE_FAMILY = "1,2";
			};
			name = Release;
		};
/* End XCBuildConfiguration section */

/* Begin XCConfigurationList section */
		D5DF1D1D272ACDF5002F1FC4 /* Build configuration list for PBXProject "DiamonApp" */ = {
			isa = XCConfigurationList;
			buildConfigurations = (
				D5DF1D34272ACDFE002F1FC4 /* Debug */,
				D5DF1D35272ACDFE002F1FC4 /* Release */,
			);
			defaultConfigurationIsVisible = 0;
			defaultConfigurationName = Release;
		};
		D5DF1D36272ACDFE002F1FC4 /* Build configuration list for PBXNativeTarget "DiamonApp" */ = {
			isa = XCConfigurationList;
			buildConfigurations = (
				D5DF1D37272ACDFE002F1FC4 /* Debug */,
				D5DF1D38272ACDFE002F1FC4 /* Release */,
			);
			defaultConfigurationIsVisible = 0;
			defaultConfigurationName = Release;
		};
/* End XCConfigurationList section */
	};
	rootObject = D5DF1D1A272ACDF5002F1FC4 /* Project object */;
}
